
Microsoft Visual Studio Solution File, Format Version 12.00
# Visual Studio Version 17
VisualStudioVersion = 17.0.31903.59
MinimumVisualStudioVersion = 10.0.40219.1
Project("{2150E333-8FDC-42A3-9474-1A3956D46DE8}") = "src", "src", "{827E0CD3-B72D-47B6-A68D-7590B98EB39B}"
EndProject
Project("{FAE04EC0-301F-11D3-BF4B-00C04F79EFBC}") = "Ipc.Core", "src\Ipc.Core\Ipc.Core.csproj", "{F0F2153C-90F3-48FB-9AEF-63DDD3FFD64D}"
EndProject
Project("{FAE04EC0-301F-11D3-BF4B-00C04F79EFBC}") = "Ipc.Services", "src\Ipc.Services\Ipc.Services.csproj", "{6EBF6F9F-2A2E-4028-AB7B-6F958BD971B4}"
EndProject
Project("{FAE04EC0-301F-11D3-BF4B-00C04F79EFBC}") = "Ipc.Terminal", "src\Ipc.Terminal\Ipc.Terminal.csproj", "{B9CA632B-DA72-4DD9-953C-473EE62FD7EF}"
EndProject
Project("{FAE04EC0-301F-11D3-BF4B-00C04F79EFBC}") = "Ipc.Cl", "src\Ipc.Cl\Ipc.Cl.csproj", "{192195A3-2AC3-466A-A189-485C3722F14E}"
EndProject
Project("{FAE04EC0-301F-11D3-BF4B-00C04F79EFBC}") = "Ipc.Db", "src\Ipc.Db\Ipc.Db.csproj", "{32AF9024-F290-4654-A0EC-091EBA3DD0E4}"
EndProject
Project("{FAE04EC0-301F-11D3-BF4B-00C04F79EFBC}") = "Ipc.Rpg", "src\Ipc.Rpg\Ipc.Rpg.csproj", "{6A90204A-FD04-4E44-A213-6FE5E38CA042}"
EndProject
Project("{FAE04EC0-301F-11D3-BF4B-00C04F79EFBC}") = "Ipc.Console", "src\Ipc.Console\Ipc.Console.csproj", "{0551AC49-F01F-4990-881B-9A8DBB084A69}"
EndProject
Project("{2150E333-8FDC-42A3-9474-1A3956D46DE8}") = "tests", "tests", "{0AB3BF05-4346-4AA6-1389-037BE0695223}"
EndProject
Project("{FAE04EC0-301F-11D3-BF4B-00C04F79EFBC}") = "Ipc.Core.Tests", "tests\Ipc.Core.Tests\Ipc.Core.Tests.csproj", "{59273DAF-0FF4-41B3-A57E-5221CFC2ACAD}"
EndProject
Project("{FAE04EC0-301F-11D3-BF4B-00C04F79EFBC}") = "Ipc.Session", "src\Ipc.Session\Ipc.Session.csproj", "{669711CC-A9AE-493C-AD13-5FF2B555656E}"
EndProject
Project("{FAE04EC0-301F-11D3-BF4B-00C04F79EFBC}") = "Ipc.Server", "src\Ipc.Server\Ipc.Server.csproj", "{40A96712-BC85-46D6-8A7A-84C19A3FA691}"
EndProject
Project("{FAE04EC0-301F-11D3-BF4B-00C04F79EFBC}") = "Ipc.Web", "src\Ipc.Web\Ipc.Web.csproj", "{0DE63731-F416-4B4F-9F79-110E1BB08EF1}"
EndProject
Project("{FAE04EC0-301F-11D3-BF4B-00C04F79EFBC}") = "Ipc.NativeFixture", "tests\Ipc.NativeFixture\Ipc.NativeFixture.csproj", "{09B69E1F-6C3F-4A4F-9264-D55F76E75464}"
EndProject
Project("{FAE04EC0-301F-11D3-BF4B-00C04F79EFBC}") = "Ipc.WorkFixture", "tests\Ipc.WorkFixture\Ipc.WorkFixture.csproj", "{FCD3D5F7-A833-4EAF-865C-7C32DAD030A1}"
EndProject
Project("{FAE04EC0-301F-11D3-BF4B-00C04F79EFBC}") = "Ipc.Dsp", "src\Ipc.Dsp\Ipc.Dsp.csproj", "{DF53816C-872C-4699-B82F-0FD8BC28BB96}"
EndProject
Project("{FAE04EC0-301F-11D3-BF4B-00C04F79EFBC}") = "Ipc.TerminalFixture", "tests\Ipc.TerminalFixture\Ipc.TerminalFixture.csproj", "{1C5280DA-A876-4043-99EC-5DE1E4DA46A8}"
EndProject
Global
	GlobalSection(SolutionConfigurationPlatforms) = preSolution
		Debug|Any CPU = Debug|Any CPU
		Debug|x64 = Debug|x64
		Debug|x86 = Debug|x86
		Release|Any CPU = Release|Any CPU
		Release|x64 = Release|x64
		Release|x86 = Release|x86
	EndGlobalSection
	GlobalSection(ProjectConfigurationPlatforms) = postSolution
		{F0F2153C-90F3-48FB-9AEF-63DDD3FFD64D}.Debug|Any CPU.ActiveCfg = Debug|Any CPU
		{F0F2153C-90F3-48FB-9AEF-63DDD3FFD64D}.Debug|Any CPU.Build.0 = Debug|Any CPU
		{F0F2153C-90F3-48FB-9AEF-63DDD3FFD64D}.Debug|x64.ActiveCfg = Debug|Any CPU
		{F0F2153C-90F3-48FB-9AEF-63DDD3FFD64D}.Debug|x64.Build.0 = Debug|Any CPU
		{F0F2153C-90F3-48FB-9AEF-63DDD3FFD64D}.Debug|x86.ActiveCfg = Debug|Any CPU
		{F0F2153C-90F3-48FB-9AEF-63DDD3FFD64D}.Debug|x86.Build.0 = Debug|Any CPU
		{F0F2153C-90F3-48FB-9AEF-63DDD3FFD64D}.Release|Any CPU.ActiveCfg = Release|Any CPU
		{F0F2153C-90F3-48FB-9AEF-63DDD3FFD64D}.Release|Any CPU.Build.0 = Release|Any CPU
		{F0F2153C-90F3-48FB-9AEF-63DDD3FFD64D}.Release|x64.ActiveCfg = Release|Any CPU
		{F0F2153C-90F3-48FB-9AEF-63DDD3FFD64D}.Release|x64.Build.0 = Release|Any CPU
		{F0F2153C-90F3-48FB-9AEF-63DDD3FFD64D}.Release|x86.ActiveCfg = Release|Any CPU
		{F0F2153C-90F3-48FB-9AEF-63DDD3FFD64D}.Release|x86.Build.0 = Release|Any CPU
		{6EBF6F9F-2A2E-4028-AB7B-6F958BD971B4}.Debug|Any CPU.ActiveCfg = Debug|Any CPU
		{6EBF6F9F-2A2E-4028-AB7B-6F958BD971B4}.Debug|Any CPU.Build.0 = Debug|Any CPU
		{6EBF6F9F-2A2E-4028-AB7B-6F958BD971B4}.Debug|x64.ActiveCfg = Debug|Any CPU
		{6EBF6F9F-2A2E-4028-AB7B-6F958BD971B4}.Debug|x64.Build.0 = Debug|Any CPU
		{6EBF6F9F-2A2E-4028-AB7B-6F958BD971B4}.Debug|x86.ActiveCfg = Debug|Any CPU
		{6EBF6F9F-2A2E-4028-AB7B-6F958BD971B4}.Debug|x86.Build.0 = Debug|Any CPU
		{6EBF6F9F-2A2E-4028-AB7B-6F958BD971B4}.Release|Any CPU.ActiveCfg = Release|Any CPU
		{6EBF6F9F-2A2E-4028-AB7B-6F958BD971B4}.Release|Any CPU.Build.0 = Release|Any CPU
		{6EBF6F9F-2A2E-4028-AB7B-6F958BD971B4}.Release|x64.ActiveCfg = Release|Any CPU
		{6EBF6F9F-2A2E-4028-AB7B-6F958BD971B4}.Release|x64.Build.0 = Release|Any CPU
		{6EBF6F9F-2A2E-4028-AB7B-6F958BD971B4}.Release|x86.ActiveCfg = Release|Any CPU
		{6EBF6F9F-2A2E-4028-AB7B-6F958BD971B4}.Release|x86.Build.0 = Release|Any CPU
		{B9CA632B-DA72-4DD9-953C-473EE62FD7EF}.Debug|Any CPU.ActiveCfg = Debug|Any CPU
		{B9CA632B-DA72-4DD9-953C-473EE62FD7EF}.Debug|Any CPU.Build.0 = Debug|Any CPU
		{B9CA632B-DA72-4DD9-953C-473EE62FD7EF}.Debug|x64.ActiveCfg = Debug|Any CPU
		{B9CA632B-DA72-4DD9-953C-473EE62FD7EF}.Debug|x64.Build.0 = Debug|Any CPU
		{B9CA632B-DA72-4DD9-953C-473EE62FD7EF}.Debug|x86.ActiveCfg = Debug|Any CPU
		{B9CA632B-DA72-4DD9-953C-473EE62FD7EF}.Debug|x86.Build.0 = Debug|Any CPU
		{B9CA632B-DA72-4DD9-953C-473EE62FD7EF}.Release|Any CPU.ActiveCfg = Release|Any CPU
		{B9CA632B-DA72-4DD9-953C-473EE62FD7EF}.Release|Any CPU.Build.0 = Release|Any CPU
		{B9CA632B-DA72-4DD9-953C-473EE62FD7EF}.Release|x64.ActiveCfg = Release|Any CPU
		{B9CA632B-DA72-4DD9-953C-473EE62FD7EF}.Release|x64.Build.0 = Release|Any CPU
		{B9CA632B-DA72-4DD9-953C-473EE62FD7EF}.Release|x86.ActiveCfg = Release|Any CPU
		{B9CA632B-DA72-4DD9-953C-473EE62FD7EF}.Release|x86.Build.0 = Release|Any CPU
		{192195A3-2AC3-466A-A189-485C3722F14E}.Debug|Any CPU.ActiveCfg = Debug|Any CPU
		{192195A3-2AC3-466A-A189-485C3722F14E}.Debug|Any CPU.Build.0 = Debug|Any CPU
		{192195A3-2AC3-466A-A189-485C3722F14E}.Debug|x64.ActiveCfg = Debug|Any CPU
		{192195A3-2AC3-466A-A189-485C3722F14E}.Debug|x64.Build.0 = Debug|Any CPU
		{192195A3-2AC3-466A-A189-485C3722F14E}.Debug|x86.ActiveCfg = Debug|Any CPU
		{192195A3-2AC3-466A-A189-485C3722F14E}.Debug|x86.Build.0 = Debug|Any CPU
		{192195A3-2AC3-466A-A189-485C3722F14E}.Release|Any CPU.ActiveCfg = Release|Any CPU
		{192195A3-2AC3-466A-A189-485C3722F14E}.Release|Any CPU.Build.0 = Release|Any CPU
		{192195A3-2AC3-466A-A189-485C3722F14E}.Release|x64.ActiveCfg = Release|Any CPU
		{192195A3-2AC3-466A-A189-485C3722F14E}.Release|x64.Build.0 = Release|Any CPU
		{192195A3-2AC3-466A-A189-485C3722F14E}.Release|x86.ActiveCfg = Release|Any CPU
		{192195A3-2AC3-466A-A189-485C3722F14E}.Release|x86.Build.0 = Release|Any CPU
		{32AF9024-F290-4654-A0EC-091EBA3DD0E4}.Debug|Any CPU.ActiveCfg = Debug|Any CPU
		{32AF9024-F290-4654-A0EC-091EBA3DD0E4}.Debug|Any CPU.Build.0 = Debug|Any CPU
		{32AF9024-F290-4654-A0EC-091EBA3DD0E4}.Debug|x64.ActiveCfg = Debug|Any CPU
		{32AF9024-F290-4654-A0EC-091EBA3DD0E4}.Debug|x64.Build.0 = Debug|Any CPU
		{32AF9024-F290-4654-A0EC-091EBA3DD0E4}.Debug|x86.ActiveCfg = Debug|Any CPU
		{32AF9024-F290-4654-A0EC-091EBA3DD0E4}.Debug|x86.Build.0 = Debug|Any CPU
		{32AF9024-F290-4654-A0EC-091EBA3DD0E4}.Release|Any CPU.ActiveCfg = Release|Any CPU
		{32AF9024-F290-4654-A0EC-091EBA3DD0E4}.Release|Any CPU.Build.0 = Release|Any CPU
		{32AF9024-F290-4654-A0EC-091EBA3DD0E4}.Release|x64.ActiveCfg = Release|Any CPU
		{32AF9024-F290-4654-A0EC-091EBA3DD0E4}.Release|x64.Build.0 = Release|Any CPU
		{32AF9024-F290-4654-A0EC-091EBA3DD0E4}.Release|x86.ActiveCfg = Release|Any CPU
		{32AF9024-F290-4654-A0EC-091EBA3DD0E4}.Release|x86.Build.0 = Release|Any CPU
		{6A90204A-FD04-4E44-A213-6FE5E38CA042}.Debug|Any CPU.ActiveCfg = Debug|Any CPU
		{6A90204A-FD04-4E44-A213-6FE5E38CA042}.Debug|Any CPU.Build.0 = Debug|Any CPU
		{6A90204A-FD04-4E44-A213-6FE5E38CA042}.Debug|x64.ActiveCfg = Debug|Any CPU
		{6A90204A-FD04-4E44-A213-6FE5E38CA042}.Debug|x64.Build.0 = Debug|Any CPU
		{6A90204A-FD04-4E44-A213-6FE5E38CA042}.Debug|x86.ActiveCfg = Debug|Any CPU
		{6A90204A-FD04-4E44-A213-6FE5E38CA042}.Debug|x86.Build.0 = Debug|Any CPU
		{6A90204A-FD04-4E44-A213-6FE5E38CA042}.Release|Any CPU.ActiveCfg = Release|Any CPU
		{6A90204A-FD04-4E44-A213-6FE5E38CA042}.Release|Any CPU.Build.0 = Release|Any CPU
		{6A90204A-FD04-4E44-A213-6FE5E38CA042}.Release|x64.ActiveCfg = Release|Any CPU
		{6A90204A-FD04-4E44-A213-6FE5E38CA042}.Release|x64.Build.0 = Release|Any CPU
		{6A90204A-FD04-4E44-A213-6FE5E38CA042}.Release|x86.ActiveCfg = Release|Any CPU
		{6A90204A-FD04-4E44-A213-6FE5E38CA042}.Release|x86.Build.0 = Release|Any CPU
		{0551AC49-F01F-4990-881B-9A8DBB084A69}.Debug|Any CPU.ActiveCfg = Debug|Any CPU
		{0551AC49-F01F-4990-881B-9A8DBB084A69}.Debug|Any CPU.Build.0 = Debug|Any CPU
		{0551AC49-F01F-4990-881B-9A8DBB084A69}.Debug|x64.ActiveCfg = Debug|Any CPU
		{0551AC49-F01F-4990-881B-9A8DBB084A69}.Debug|x64.Build.0 = Debug|Any CPU
		{0551AC49-F01F-4990-881B-9A8DBB084A69}.Debug|x86.ActiveCfg = Debug|Any CPU
		{0551AC49-F01F-4990-881B-9A8DBB084A69}.Debug|x86.Build.0 = Debug|Any CPU
		{0551AC49-F01F-4990-881B-9A8DBB084A69}.Release|Any CPU.ActiveCfg = Release|Any CPU
		{0551AC49-F01F-4990-881B-9A8DBB084A69}.Release|Any CPU.Build.0 = Release|Any CPU
		{0551AC49-F01F-4990-881B-9A8DBB084A69}.Release|x64.ActiveCfg = Release|Any CPU
		{0551AC49-F01F-4990-881B-9A8DBB084A69}.Release|x64.Build.0 = Release|Any CPU
		{0551AC49-F01F-4990-881B-9A8DBB084A69}.Release|x86.ActiveCfg = Release|Any CPU
		{0551AC49-F01F-4990-881B-9A8DBB084A69}.Release|x86.Build.0 = Release|Any CPU
		{59273DAF-0FF4-41B3-A57E-5221CFC2ACAD}.Debug|Any CPU.ActiveCfg = Debug|Any CPU
		{59273DAF-0FF4-41B3-A57E-5221CFC2ACAD}.Debug|Any CPU.Build.0 = Debug|Any CPU
		{59273DAF-0FF4-41B3-A57E-5221CFC2ACAD}.Debug|x64.ActiveCfg = Debug|Any CPU
		{59273DAF-0FF4-41B3-A57E-5221CFC2ACAD}.Debug|x64.Build.0 = Debug|Any CPU
		{59273DAF-0FF4-41B3-A57E-5221CFC2ACAD}.Debug|x86.ActiveCfg = Debug|Any CPU
		{59273DAF-0FF4-41B3-A57E-5221CFC2ACAD}.Debug|x86.Build.0 = Debug|Any CPU
		{59273DAF-0FF4-41B3-A57E-5221CFC2ACAD}.Release|Any CPU.ActiveCfg = Release|Any CPU
		{59273DAF-0FF4-41B3-A57E-5221CFC2ACAD}.Release|Any CPU.Build.0 = Release|Any CPU
		{59273DAF-0FF4-41B3-A57E-5221CFC2ACAD}.Release|x64.ActiveCfg = Release|Any CPU
		{59273DAF-0FF4-41B3-A57E-5221CFC2ACAD}.Release|x64.Build.0 = Release|Any CPU
		{59273DAF-0FF4-41B3-A57E-5221CFC2ACAD}.Release|x86.ActiveCfg = Release|Any CPU
		{59273DAF-0FF4-41B3-A57E-5221CFC2ACAD}.Release|x86.Build.0 = Release|Any CPU
		{669711CC-A9AE-493C-AD13-5FF2B555656E}.Debug|Any CPU.ActiveCfg = Debug|Any CPU
		{669711CC-A9AE-493C-AD13-5FF2B555656E}.Debug|Any CPU.Build.0 = Debug|Any CPU
		{669711CC-A9AE-493C-AD13-5FF2B555656E}.Debug|x64.ActiveCfg = Debug|Any CPU
		{669711CC-A9AE-493C-AD13-5FF2B555656E}.Debug|x64.Build.0 = Debug|Any CPU
		{669711CC-A9AE-493C-AD13-5FF2B555656E}.Debug|x86.ActiveCfg = Debug|Any CPU
		{669711CC-A9AE-493C-AD13-5FF2B555656E}.Debug|x86.Build.0 = Debug|Any CPU
		{669711CC-A9AE-493C-AD13-5FF2B555656E}.Release|Any CPU.ActiveCfg = Release|Any CPU
		{669711CC-A9AE-493C-AD13-5FF2B555656E}.Release|Any CPU.Build.0 = Release|Any CPU
		{669711CC-A9AE-493C-AD13-5FF2B555656E}.Release|x64.ActiveCfg = Release|Any CPU
		{669711CC-A9AE-493C-AD13-5FF2B555656E}.Release|x64.Build.0 = Release|Any CPU
		{669711CC-A9AE-493C-AD13-5FF2B555656E}.Release|x86.ActiveCfg = Release|Any CPU
		{669711CC-A9AE-493C-AD13-5FF2B555656E}.Release|x86.Build.0 = Release|Any CPU
		{40A96712-BC85-46D6-8A7A-84C19A3FA691}.Debug|Any CPU.ActiveCfg = Debug|Any CPU
		{40A96712-BC85-46D6-8A7A-84C19A3FA691}.Debug|Any CPU.Build.0 = Debug|Any CPU
		{40A96712-BC85-46D6-8A7A-84C19A3FA691}.Debug|x64.ActiveCfg = Debug|Any CPU
		{40A96712-BC85-46D6-8A7A-84C19A3FA691}.Debug|x64.Build.0 = Debug|Any CPU
		{40A96712-BC85-46D6-8A7A-84C19A3FA691}.Debug|x86.ActiveCfg = Debug|Any CPU
		{40A96712-BC85-46D6-8A7A-84C19A3FA691}.Debug|x86.Build.0 = Debug|Any CPU
		{40A96712-BC85-46D6-8A7A-84C19A3FA691}.Release|Any CPU.ActiveCfg = Release|Any CPU
		{40A96712-BC85-46D6-8A7A-84C19A3FA691}.Release|Any CPU.Build.0 = Release|Any CPU
		{40A96712-BC85-46D6-8A7A-84C19A3FA691}.Release|x64.ActiveCfg = Release|Any CPU
		{40A96712-BC85-46D6-8A7A-84C19A3FA691}.Release|x64.Build.0 = Release|Any CPU
		{40A96712-BC85-46D6-8A7A-84C19A3FA691}.Release|x86.ActiveCfg = Release|Any CPU
		{40A96712-BC85-46D6-8A7A-84C19A3FA691}.Release|x86.Build.0 = Release|Any CPU
		{0DE63731-F416-4B4F-9F79-110E1BB08EF1}.Debug|Any CPU.ActiveCfg = Debug|Any CPU
		{0DE63731-F416-4B4F-9F79-110E1BB08EF1}.Debug|Any CPU.Build.0 = Debug|Any CPU
		{0DE63731-F416-4B4F-9F79-110E1BB08EF1}.Debug|x64.ActiveCfg = Debug|Any CPU
		{0DE63731-F416-4B4F-9F79-110E1BB08EF1}.Debug|x64.Build.0 = Debug|Any CPU
		{0DE63731-F416-4B4F-9F79-110E1BB08EF1}.Debug|x86.ActiveCfg = Debug|Any CPU
		{0DE63731-F416-4B4F-9F79-110E1BB08EF1}.Debug|x86.Build.0 = Debug|Any CPU
		{0DE63731-F416-4B4F-9F79-110E1BB08EF1}.Release|Any CPU.ActiveCfg = Release|Any CPU
		{0DE63731-F416-4B4F-9F79-110E1BB08EF1}.Release|Any CPU.Build.0 = Release|Any CPU
		{0DE63731-F416-4B4F-9F79-110E1BB08EF1}.Release|x64.ActiveCfg = Release|Any CPU
		{0DE63731-F416-4B4F-9F79-110E1BB08EF1}.Release|x64.Build.0 = Release|Any CPU
		{0DE63731-F416-4B4F-9F79-110E1BB08EF1}.Release|x86.ActiveCfg = Release|Any CPU
		{0DE63731-F416-4B4F-9F79-110E1BB08EF1}.Release|x86.Build.0 = Release|Any CPU
		{09B69E1F-6C3F-4A4F-9264-D55F76E75464}.Debug|Any CPU.ActiveCfg = Debug|Any CPU
		{09B69E1F-6C3F-4A4F-9264-D55F76E75464}.Debug|Any CPU.Build.0 = Debug|Any CPU
		{09B69E1F-6C3F-4A4F-9264-D55F76E75464}.Debug|x64.ActiveCfg = Debug|Any CPU
		{09B69E1F-6C3F-4A4F-9264-D55F76E75464}.Debug|x64.Build.0 = Debug|Any CPU
		{09B69E1F-6C3F-4A4F-9264-D55F76E75464}.Debug|x86.ActiveCfg = Debug|Any CPU
		{09B69E1F-6C3F-4A4F-9264-D55F76E75464}.Debug|x86.Build.0 = Debug|Any CPU
		{09B69E1F-6C3F-4A4F-9264-D55F76E75464}.Release|Any CPU.ActiveCfg = Release|Any CPU
		{09B69E1F-6C3F-4A4F-9264-D55F76E75464}.Release|Any CPU.Build.0 = Release|Any CPU
		{09B69E1F-6C3F-4A4F-9264-D55F76E75464}.Release|x64.ActiveCfg = Release|Any CPU
		{09B69E1F-6C3F-4A4F-9264-D55F76E75464}.Release|x64.Build.0 = Release|Any CPU
		{09B69E1F-6C3F-4A4F-9264-D55F76E75464}.Release|x86.ActiveCfg = Release|Any CPU
		{09B69E1F-6C3F-4A4F-9264-D55F76E75464}.Release|x86.Build.0 = Release|Any CPU
		{FCD3D5F7-A833-4EAF-865C-7C32DAD030A1}.Debug|Any CPU.ActiveCfg = Debug|Any CPU
		{FCD3D5F7-A833-4EAF-865C-7C32DAD030A1}.Debug|Any CPU.Build.0 = Debug|Any CPU
		{FCD3D5F7-A833-4EAF-865C-7C32DAD030A1}.Debug|x64.ActiveCfg = Debug|Any CPU
		{FCD3D5F7-A833-4EAF-865C-7C32DAD030A1}.Debug|x64.Build.0 = Debug|Any CPU
		{FCD3D5F7-A833-4EAF-865C-7C32DAD030A1}.Debug|x86.ActiveCfg = Debug|Any CPU
		{FCD3D5F7-A833-4EAF-865C-7C32DAD030A1}.Debug|x86.Build.0 = Debug|Any CPU
		{FCD3D5F7-A833-4EAF-865C-7C32DAD030A1}.Release|Any CPU.ActiveCfg = Release|Any CPU
		{FCD3D5F7-A833-4EAF-865C-7C32DAD030A1}.Release|Any CPU.Build.0 = Release|Any CPU
		{FCD3D5F7-A833-4EAF-865C-7C32DAD030A1}.Release|x64.ActiveCfg = Release|Any CPU
		{FCD3D5F7-A833-4EAF-865C-7C32DAD030A1}.Release|x64.Build.0 = Release|Any CPU
		{FCD3D5F7-A833-4EAF-865C-7C32DAD030A1}.Release|x86.ActiveCfg = Release|Any CPU
		{FCD3D5F7-A833-4EAF-865C-7C32DAD030A1}.Release|x86.Build.0 = Release|Any CPU
		{DF53816C-872C-4699-B82F-0FD8BC28BB96}.Debug|Any CPU.ActiveCfg = Debug|Any CPU
		{DF53816C-872C-4699-B82F-0FD8BC28BB96}.Debug|Any CPU.Build.0 = Debug|Any CPU
		{DF53816C-872C-4699-B82F-0FD8BC28BB96}.Debug|x64.ActiveCfg = Debug|Any CPU
		{DF53816C-872C-4699-B82F-0FD8BC28BB96}.Debug|x64.Build.0 = Debug|Any CPU
		{DF53816C-872C-4699-B82F-0FD8BC28BB96}.Debug|x86.ActiveCfg = Debug|Any CPU
		{DF53816C-872C-4699-B82F-0FD8BC28BB96}.Debug|x86.Build.0 = Debug|Any CPU
		{DF53816C-872C-4699-B82F-0FD8BC28BB96}.Release|Any CPU.ActiveCfg = Release|Any CPU
		{DF53816C-872C-4699-B82F-0FD8BC28BB96}.Release|Any CPU.Build.0 = Release|Any CPU
		{DF53816C-872C-4699-B82F-0FD8BC28BB96}.Release|x64.ActiveCfg = Release|Any CPU
		{DF53816C-872C-4699-B82F-0FD8BC28BB96}.Release|x64.Build.0 = Release|Any CPU
		{DF53816C-872C-4699-B82F-0FD8BC28BB96}.Release|x86.ActiveCfg = Release|Any CPU
		{DF53816C-872C-4699-B82F-0FD8BC28BB96}.Release|x86.Build.0 = Release|Any CPU
		{1C5280DA-A876-4043-99EC-5DE1E4DA46A8}.Debug|Any CPU.ActiveCfg = Debug|Any CPU
		{1C5280DA-A876-4043-99EC-5DE1E4DA46A8}.Debug|Any CPU.Build.0 = Debug|Any CPU
		{1C5280DA-A876-4043-99EC-5DE1E4DA46A8}.Debug|x64.ActiveCfg = Debug|Any CPU
		{1C5280DA-A876-4043-99EC-5DE1E4DA46A8}.Debug|x64.Build.0 = Debug|Any CPU
		{1C5280DA-A876-4043-99EC-5DE1E4DA46A8}.Debug|x86.ActiveCfg = Debug|Any CPU
		{1C5280DA-A876-4043-99EC-5DE1E4DA46A8}.Debug|x86.Build.0 = Debug|Any CPU
		{1C5280DA-A876-4043-99EC-5DE1E4DA46A8}.Release|Any CPU.ActiveCfg = Release|Any CPU
		{1C5280DA-A876-4043-99EC-5DE1E4DA46A8}.Release|Any CPU.Build.0 = Release|Any CPU
		{1C5280DA-A876-4043-99EC-5DE1E4DA46A8}.Release|x64.ActiveCfg = Release|Any CPU
		{1C5280DA-A876-4043-99EC-5DE1E4DA46A8}.Release|x64.Build.0 = Release|Any CPU
		{1C5280DA-A876-4043-99EC-5DE1E4DA46A8}.Release|x86.ActiveCfg = Release|Any CPU
		{1C5280DA-A876-4043-99EC-5DE1E4DA46A8}.Release|x86.Build.0 = Release|Any CPU
	EndGlobalSection
	GlobalSection(SolutionProperties) = preSolution
		HideSolutionNode = FALSE
	EndGlobalSection
	GlobalSection(NestedProjects) = preSolution
		{F0F2153C-90F3-48FB-9AEF-63DDD3FFD64D} = {827E0CD3-B72D-47B6-A68D-7590B98EB39B}
		{6EBF6F9F-2A2E-4028-AB7B-6F958BD971B4} = {827E0CD3-B72D-47B6-A68D-7590B98EB39B}
		{B9CA632B-DA72-4DD9-953C-473EE62FD7EF} = {827E0CD3-B72D-47B6-A68D-7590B98EB39B}
		{192195A3-2AC3-466A-A189-485C3722F14E} = {827E0CD3-B72D-47B6-A68D-7590B98EB39B}
		{32AF9024-F290-4654-A0EC-091EBA3DD0E4} = {827E0CD3-B72D-47B6-A68D-7590B98EB39B}
		{6A90204A-FD04-4E44-A213-6FE5E38CA042} = {827E0CD3-B72D-47B6-A68D-7590B98EB39B}
		{0551AC49-F01F-4990-881B-9A8DBB084A69} = {827E0CD3-B72D-47B6-A68D-7590B98EB39B}
		{59273DAF-0FF4-41B3-A57E-5221CFC2ACAD} = {0AB3BF05-4346-4AA6-1389-037BE0695223}
		{669711CC-A9AE-493C-AD13-5FF2B555656E} = {827E0CD3-B72D-47B6-A68D-7590B98EB39B}
		{40A96712-BC85-46D6-8A7A-84C19A3FA691} = {827E0CD3-B72D-47B6-A68D-7590B98EB39B}
		{0DE63731-F416-4B4F-9F79-110E1BB08EF1} = {827E0CD3-B72D-47B6-A68D-7590B98EB39B}
		{09B69E1F-6C3F-4A4F-9264-D55F76E75464} = {0AB3BF05-4346-4AA6-1389-037BE0695223}
		{FCD3D5F7-A833-4EAF-865C-7C32DAD030A1} = {0AB3BF05-4346-4AA6-1389-037BE0695223}
		{DF53816C-872C-4699-B82F-0FD8BC28BB96} = {827E0CD3-B72D-47B6-A68D-7590B98EB39B}
		{1C5280DA-A876-4043-99EC-5DE1E4DA46A8} = {0AB3BF05-4346-4AA6-1389-037BE0695223}
	EndGlobalSection
EndGlobal
